
Microsoft Visual Studio Solution File, Format Version 12.00
# Visual Studio 15
VisualStudioVersion = 15.0.27428.2043
MinimumVisualStudioVersion = 10.0.40219.1
Project("{8BC9CEB8-8B4A-11D0-8D11-00A0C91BC942}") = "SWEA_D2_1285", "SWEA_D2_1285\SWEA_D2_1285.vcxproj", "{762AC111-F83F-48D8-8B9F-2AD7310D709E}"
EndProject
Global
	GlobalSection(SolutionConfigurationPlatforms) = preSolution
		Debug|x64 = Debug|x64
		Debug|x86 = Debug|x86
		Release|x64 = Release|x64
		Release|x86 = Release|x86
	EndGlobalSection
	GlobalSection(ProjectConfigurationPlatforms) = postSolution
		{762AC111-F83F-48D8-8B9F-2AD7310D709E}.Debug|x64.ActiveCfg = Debug|x64
		{762AC111-F83F-48D8-8B9F-2AD7310D709E}.Debug|x64.Build.0 = Debug|x64
		{762AC111-F83F-48D8-8B9F-2AD7310D709E}.Debug|x86.ActiveCfg = Debug|Win32
		{762AC111-F83F-48D8-8B9F-2AD7310D709E}.Debug|x86.Build.0 = Debug|Win32
		{762AC111-F83F-48D8-8B9F-2AD7310D709E}.Release|x64.ActiveCfg = Release|x64
		{762AC111-F83F-48D8-8B9F-2AD7310D709E}.Release|x64.Build.0 = Release|x64
		{762AC111-F83F-48D8-8B9F-2AD7310D709E}.Release|x86.ActiveCfg = Release|Win32
		{762AC111-F83F-48D8-8B9F-2AD7310D709E}.Release|x86.Build.0 = Release|Win32
	EndGlobalSection
	GlobalSection(SolutionProperties) = preSolution
		HideSolutionNode = FALSE
	EndGlobalSection
	GlobalSection(ExtensibilityGlobals) = postSolution
		SolutionGuid = {1F10BC44-490A-40E3-A255-F8A2973D1837}
	EndGlobalSection
EndGlobal
