
Microsoft Visual Studio Solution File, Format Version 12.00
# Visual Studio 15
VisualStudioVersion = 15.0.27428.2043
MinimumVisualStudioVersion = 10.0.40219.1
Project("{8BC9CEB8-8B4A-11D0-8D11-00A0C91BC942}") = "SWEA_D4_1865", "SWEA_D4_1865\SWEA_D4_1865.vcxproj", "{69E47F13-213E-4983-AA51-73C90BB3C997}"
EndProject
Global
	GlobalSection(SolutionConfigurationPlatforms) = preSolution
		Debug|x64 = Debug|x64
		Debug|x86 = Debug|x86
		Release|x64 = Release|x64
		Release|x86 = Release|x86
	EndGlobalSection
	GlobalSection(ProjectConfigurationPlatforms) = postSolution
		{69E47F13-213E-4983-AA51-73C90BB3C997}.Debug|x64.ActiveCfg = Debug|x64
		{69E47F13-213E-4983-AA51-73C90BB3C997}.Debug|x64.Build.0 = Debug|x64
		{69E47F13-213E-4983-AA51-73C90BB3C997}.Debug|x86.ActiveCfg = Debug|Win32
		{69E47F13-213E-4983-AA51-73C90BB3C997}.Debug|x86.Build.0 = Debug|Win32
		{69E47F13-213E-4983-AA51-73C90BB3C997}.Release|x64.ActiveCfg = Release|x64
		{69E47F13-213E-4983-AA51-73C90BB3C997}.Release|x64.Build.0 = Release|x64
		{69E47F13-213E-4983-AA51-73C90BB3C997}.Release|x86.ActiveCfg = Release|Win32
		{69E47F13-213E-4983-AA51-73C90BB3C997}.Release|x86.Build.0 = Release|Win32
	EndGlobalSection
	GlobalSection(SolutionProperties) = preSolution
		HideSolutionNode = FALSE
	EndGlobalSection
	GlobalSection(ExtensibilityGlobals) = postSolution
		SolutionGuid = {443B8003-6E88-4F29-B48A-F7C166D30C75}
	EndGlobalSection
EndGlobal
