
Microsoft Visual Studio Solution File, Format Version 12.00
# Visual Studio 15
VisualStudioVersion = 15.0.27428.2043
MinimumVisualStudioVersion = 10.0.40219.1
Project("{8BC9CEB8-8B4A-11D0-8D11-00A0C91BC942}") = "SWEA_D1_2058", "SWEA_D1_2058\SWEA_D1_2058.vcxproj", "{8F36C3B1-B54E-4FEE-812B-7D62327565BC}"
EndProject
Global
	GlobalSection(SolutionConfigurationPlatforms) = preSolution
		Debug|x64 = Debug|x64
		Debug|x86 = Debug|x86
		Release|x64 = Release|x64
		Release|x86 = Release|x86
	EndGlobalSection
	GlobalSection(ProjectConfigurationPlatforms) = postSolution
		{8F36C3B1-B54E-4FEE-812B-7D62327565BC}.Debug|x64.ActiveCfg = Debug|x64
		{8F36C3B1-B54E-4FEE-812B-7D62327565BC}.Debug|x64.Build.0 = Debug|x64
		{8F36C3B1-B54E-4FEE-812B-7D62327565BC}.Debug|x86.ActiveCfg = Debug|Win32
		{8F36C3B1-B54E-4FEE-812B-7D62327565BC}.Debug|x86.Build.0 = Debug|Win32
		{8F36C3B1-B54E-4FEE-812B-7D62327565BC}.Release|x64.ActiveCfg = Release|x64
		{8F36C3B1-B54E-4FEE-812B-7D62327565BC}.Release|x64.Build.0 = Release|x64
		{8F36C3B1-B54E-4FEE-812B-7D62327565BC}.Release|x86.ActiveCfg = Release|Win32
		{8F36C3B1-B54E-4FEE-812B-7D62327565BC}.Release|x86.Build.0 = Release|Win32
	EndGlobalSection
	GlobalSection(SolutionProperties) = preSolution
		HideSolutionNode = FALSE
	EndGlobalSection
	GlobalSection(ExtensibilityGlobals) = postSolution
		SolutionGuid = {2F75C53B-CA97-488D-A1BD-96D628E0A63D}
	EndGlobalSection
EndGlobal
