
Microsoft Visual Studio Solution File, Format Version 12.00
# Visual Studio 15
VisualStudioVersion = 15.0.27428.2043
MinimumVisualStudioVersion = 10.0.40219.1
Project("{8BC9CEB8-8B4A-11D0-8D11-00A0C91BC942}") = "SWEA_TRIAL_EXAMINATION_4008", "SWEA_TRIAL_EXAMINATION_4008\SWEA_TRIAL_EXAMINATION_4008.vcxproj", "{B9A37F68-CB2F-407E-AA57-AADEAC5C07EF}"
EndProject
Global
	GlobalSection(SolutionConfigurationPlatforms) = preSolution
		Debug|x64 = Debug|x64
		Debug|x86 = Debug|x86
		Release|x64 = Release|x64
		Release|x86 = Release|x86
	EndGlobalSection
	GlobalSection(ProjectConfigurationPlatforms) = postSolution
		{B9A37F68-CB2F-407E-AA57-AADEAC5C07EF}.Debug|x64.ActiveCfg = Debug|x64
		{B9A37F68-CB2F-407E-AA57-AADEAC5C07EF}.Debug|x64.Build.0 = Debug|x64
		{B9A37F68-CB2F-407E-AA57-AADEAC5C07EF}.Debug|x86.ActiveCfg = Debug|Win32
		{B9A37F68-CB2F-407E-AA57-AADEAC5C07EF}.Debug|x86.Build.0 = Debug|Win32
		{B9A37F68-CB2F-407E-AA57-AADEAC5C07EF}.Release|x64.ActiveCfg = Release|x64
		{B9A37F68-CB2F-407E-AA57-AADEAC5C07EF}.Release|x64.Build.0 = Release|x64
		{B9A37F68-CB2F-407E-AA57-AADEAC5C07EF}.Release|x86.ActiveCfg = Release|Win32
		{B9A37F68-CB2F-407E-AA57-AADEAC5C07EF}.Release|x86.Build.0 = Release|Win32
	EndGlobalSection
	GlobalSection(SolutionProperties) = preSolution
		HideSolutionNode = FALSE
	EndGlobalSection
	GlobalSection(ExtensibilityGlobals) = postSolution
		SolutionGuid = {0D18DD90-8336-4D70-99C0-1B1BCB882D7B}
	EndGlobalSection
EndGlobal
