
Microsoft Visual Studio Solution File, Format Version 12.00
# Visual Studio 15
VisualStudioVersion = 15.0.27428.2043
MinimumVisualStudioVersion = 10.0.40219.1
Project("{8BC9CEB8-8B4A-11D0-8D11-00A0C91BC942}") = "SWEA_D3_3314", "SWEA_D3_3314\SWEA_D3_3314.vcxproj", "{51781C1A-3EB4-4E7C-818B-755EA6AB8432}"
EndProject
Global
	GlobalSection(SolutionConfigurationPlatforms) = preSolution
		Debug|x64 = Debug|x64
		Debug|x86 = Debug|x86
		Release|x64 = Release|x64
		Release|x86 = Release|x86
	EndGlobalSection
	GlobalSection(ProjectConfigurationPlatforms) = postSolution
		{51781C1A-3EB4-4E7C-818B-755EA6AB8432}.Debug|x64.ActiveCfg = Debug|x64
		{51781C1A-3EB4-4E7C-818B-755EA6AB8432}.Debug|x64.Build.0 = Debug|x64
		{51781C1A-3EB4-4E7C-818B-755EA6AB8432}.Debug|x86.ActiveCfg = Debug|Win32
		{51781C1A-3EB4-4E7C-818B-755EA6AB8432}.Debug|x86.Build.0 = Debug|Win32
		{51781C1A-3EB4-4E7C-818B-755EA6AB8432}.Release|x64.ActiveCfg = Release|x64
		{51781C1A-3EB4-4E7C-818B-755EA6AB8432}.Release|x64.Build.0 = Release|x64
		{51781C1A-3EB4-4E7C-818B-755EA6AB8432}.Release|x86.ActiveCfg = Release|Win32
		{51781C1A-3EB4-4E7C-818B-755EA6AB8432}.Release|x86.Build.0 = Release|Win32
	EndGlobalSection
	GlobalSection(SolutionProperties) = preSolution
		HideSolutionNode = FALSE
	EndGlobalSection
	GlobalSection(ExtensibilityGlobals) = postSolution
		SolutionGuid = {2FC03586-F321-4515-9B91-D3D6CA005E49}
	EndGlobalSection
EndGlobal
