
Microsoft Visual Studio Solution File, Format Version 12.00
# Visual Studio 15
VisualStudioVersion = 15.0.27428.2043
MinimumVisualStudioVersion = 10.0.40219.1
Project("{8BC9CEB8-8B4A-11D0-8D11-00A0C91BC942}") = "SWEA_D2_1976", "SWEA_D2_1976\SWEA_D2_1976.vcxproj", "{464DA69F-875D-4BE7-816A-3E9647F27377}"
EndProject
Global
	GlobalSection(SolutionConfigurationPlatforms) = preSolution
		Debug|x64 = Debug|x64
		Debug|x86 = Debug|x86
		Release|x64 = Release|x64
		Release|x86 = Release|x86
	EndGlobalSection
	GlobalSection(ProjectConfigurationPlatforms) = postSolution
		{464DA69F-875D-4BE7-816A-3E9647F27377}.Debug|x64.ActiveCfg = Debug|x64
		{464DA69F-875D-4BE7-816A-3E9647F27377}.Debug|x64.Build.0 = Debug|x64
		{464DA69F-875D-4BE7-816A-3E9647F27377}.Debug|x86.ActiveCfg = Debug|Win32
		{464DA69F-875D-4BE7-816A-3E9647F27377}.Debug|x86.Build.0 = Debug|Win32
		{464DA69F-875D-4BE7-816A-3E9647F27377}.Release|x64.ActiveCfg = Release|x64
		{464DA69F-875D-4BE7-816A-3E9647F27377}.Release|x64.Build.0 = Release|x64
		{464DA69F-875D-4BE7-816A-3E9647F27377}.Release|x86.ActiveCfg = Release|Win32
		{464DA69F-875D-4BE7-816A-3E9647F27377}.Release|x86.Build.0 = Release|Win32
	EndGlobalSection
	GlobalSection(SolutionProperties) = preSolution
		HideSolutionNode = FALSE
	EndGlobalSection
	GlobalSection(ExtensibilityGlobals) = postSolution
		SolutionGuid = {B9D22320-A37A-49C7-A06A-00584CD22638}
	EndGlobalSection
EndGlobal
