
Microsoft Visual Studio Solution File, Format Version 12.00
# Visual Studio 15
VisualStudioVersion = 15.0.27428.2043
MinimumVisualStudioVersion = 10.0.40219.1
Project("{8BC9CEB8-8B4A-11D0-8D11-00A0C91BC942}") = "SWEA_D4_1227", "SWEA_D4_1227\SWEA_D4_1227.vcxproj", "{66FD98B5-F902-441B-BDFF-EF792F5D4E1A}"
EndProject
Global
	GlobalSection(SolutionConfigurationPlatforms) = preSolution
		Debug|x64 = Debug|x64
		Debug|x86 = Debug|x86
		Release|x64 = Release|x64
		Release|x86 = Release|x86
	EndGlobalSection
	GlobalSection(ProjectConfigurationPlatforms) = postSolution
		{66FD98B5-F902-441B-BDFF-EF792F5D4E1A}.Debug|x64.ActiveCfg = Debug|x64
		{66FD98B5-F902-441B-BDFF-EF792F5D4E1A}.Debug|x64.Build.0 = Debug|x64
		{66FD98B5-F902-441B-BDFF-EF792F5D4E1A}.Debug|x86.ActiveCfg = Debug|Win32
		{66FD98B5-F902-441B-BDFF-EF792F5D4E1A}.Debug|x86.Build.0 = Debug|Win32
		{66FD98B5-F902-441B-BDFF-EF792F5D4E1A}.Release|x64.ActiveCfg = Release|x64
		{66FD98B5-F902-441B-BDFF-EF792F5D4E1A}.Release|x64.Build.0 = Release|x64
		{66FD98B5-F902-441B-BDFF-EF792F5D4E1A}.Release|x86.ActiveCfg = Release|Win32
		{66FD98B5-F902-441B-BDFF-EF792F5D4E1A}.Release|x86.Build.0 = Release|Win32
	EndGlobalSection
	GlobalSection(SolutionProperties) = preSolution
		HideSolutionNode = FALSE
	EndGlobalSection
	GlobalSection(ExtensibilityGlobals) = postSolution
		SolutionGuid = {15849C54-AECD-4703-A660-3ED0515DA190}
	EndGlobalSection
EndGlobal
