
Microsoft Visual Studio Solution File, Format Version 12.00
# Visual Studio 15
VisualStudioVersion = 15.0.27428.2043
MinimumVisualStudioVersion = 10.0.40219.1
Project("{8BC9CEB8-8B4A-11D0-8D11-00A0C91BC942}") = "SWEA_D1_2056", "SWEA_D1_2056\SWEA_D1_2056.vcxproj", "{60AFFD99-DE39-4C5C-AA02-751FCC973725}"
EndProject
Global
	GlobalSection(SolutionConfigurationPlatforms) = preSolution
		Debug|x64 = Debug|x64
		Debug|x86 = Debug|x86
		Release|x64 = Release|x64
		Release|x86 = Release|x86
	EndGlobalSection
	GlobalSection(ProjectConfigurationPlatforms) = postSolution
		{60AFFD99-DE39-4C5C-AA02-751FCC973725}.Debug|x64.ActiveCfg = Debug|x64
		{60AFFD99-DE39-4C5C-AA02-751FCC973725}.Debug|x64.Build.0 = Debug|x64
		{60AFFD99-DE39-4C5C-AA02-751FCC973725}.Debug|x86.ActiveCfg = Debug|Win32
		{60AFFD99-DE39-4C5C-AA02-751FCC973725}.Debug|x86.Build.0 = Debug|Win32
		{60AFFD99-DE39-4C5C-AA02-751FCC973725}.Release|x64.ActiveCfg = Release|x64
		{60AFFD99-DE39-4C5C-AA02-751FCC973725}.Release|x64.Build.0 = Release|x64
		{60AFFD99-DE39-4C5C-AA02-751FCC973725}.Release|x86.ActiveCfg = Release|Win32
		{60AFFD99-DE39-4C5C-AA02-751FCC973725}.Release|x86.Build.0 = Release|Win32
	EndGlobalSection
	GlobalSection(SolutionProperties) = preSolution
		HideSolutionNode = FALSE
	EndGlobalSection
	GlobalSection(ExtensibilityGlobals) = postSolution
		SolutionGuid = {81F6C5D5-4D5B-41FF-97CA-F3CD7E1AF7E1}
	EndGlobalSection
EndGlobal
