
Microsoft Visual Studio Solution File, Format Version 12.00
# Visual Studio 15
VisualStudioVersion = 15.0.27428.2043
MinimumVisualStudioVersion = 10.0.40219.1
Project("{8BC9CEB8-8B4A-11D0-8D11-00A0C91BC942}") = "BaekJoon_15685", "BaekJoon_15685\BaekJoon_15685.vcxproj", "{2C469D31-F49C-4895-8941-B943E2AB7E64}"
EndProject
Global
	GlobalSection(SolutionConfigurationPlatforms) = preSolution
		Debug|x64 = Debug|x64
		Debug|x86 = Debug|x86
		Release|x64 = Release|x64
		Release|x86 = Release|x86
	EndGlobalSection
	GlobalSection(ProjectConfigurationPlatforms) = postSolution
		{2C469D31-F49C-4895-8941-B943E2AB7E64}.Debug|x64.ActiveCfg = Debug|x64
		{2C469D31-F49C-4895-8941-B943E2AB7E64}.Debug|x64.Build.0 = Debug|x64
		{2C469D31-F49C-4895-8941-B943E2AB7E64}.Debug|x86.ActiveCfg = Debug|Win32
		{2C469D31-F49C-4895-8941-B943E2AB7E64}.Debug|x86.Build.0 = Debug|Win32
		{2C469D31-F49C-4895-8941-B943E2AB7E64}.Release|x64.ActiveCfg = Release|x64
		{2C469D31-F49C-4895-8941-B943E2AB7E64}.Release|x64.Build.0 = Release|x64
		{2C469D31-F49C-4895-8941-B943E2AB7E64}.Release|x86.ActiveCfg = Release|Win32
		{2C469D31-F49C-4895-8941-B943E2AB7E64}.Release|x86.Build.0 = Release|Win32
	EndGlobalSection
	GlobalSection(SolutionProperties) = preSolution
		HideSolutionNode = FALSE
	EndGlobalSection
	GlobalSection(ExtensibilityGlobals) = postSolution
		SolutionGuid = {0225E28A-AAC2-4F85-A01F-890D3E7BF026}
	EndGlobalSection
EndGlobal
