
Microsoft Visual Studio Solution File, Format Version 12.00
# Visual Studio 15
VisualStudioVersion = 15.0.27428.2043
MinimumVisualStudioVersion = 10.0.40219.1
Project("{8BC9CEB8-8B4A-11D0-8D11-00A0C91BC942}") = "SWEA_D1_2047", "SWEA_D1_2047\SWEA_D1_2047.vcxproj", "{80A16C1A-57ED-4528-B500-BF66FEB3B39A}"
EndProject
Global
	GlobalSection(SolutionConfigurationPlatforms) = preSolution
		Debug|x64 = Debug|x64
		Debug|x86 = Debug|x86
		Release|x64 = Release|x64
		Release|x86 = Release|x86
	EndGlobalSection
	GlobalSection(ProjectConfigurationPlatforms) = postSolution
		{80A16C1A-57ED-4528-B500-BF66FEB3B39A}.Debug|x64.ActiveCfg = Debug|x64
		{80A16C1A-57ED-4528-B500-BF66FEB3B39A}.Debug|x64.Build.0 = Debug|x64
		{80A16C1A-57ED-4528-B500-BF66FEB3B39A}.Debug|x86.ActiveCfg = Debug|Win32
		{80A16C1A-57ED-4528-B500-BF66FEB3B39A}.Debug|x86.Build.0 = Debug|Win32
		{80A16C1A-57ED-4528-B500-BF66FEB3B39A}.Release|x64.ActiveCfg = Release|x64
		{80A16C1A-57ED-4528-B500-BF66FEB3B39A}.Release|x64.Build.0 = Release|x64
		{80A16C1A-57ED-4528-B500-BF66FEB3B39A}.Release|x86.ActiveCfg = Release|Win32
		{80A16C1A-57ED-4528-B500-BF66FEB3B39A}.Release|x86.Build.0 = Release|Win32
	EndGlobalSection
	GlobalSection(SolutionProperties) = preSolution
		HideSolutionNode = FALSE
	EndGlobalSection
	GlobalSection(ExtensibilityGlobals) = postSolution
		SolutionGuid = {A9086896-FABC-42EA-814F-8DF42EA1831A}
	EndGlobalSection
EndGlobal
