
Microsoft Visual Studio Solution File, Format Version 12.00
# Visual Studio Version 16
VisualStudioVersion = 16.0.29009.5
MinimumVisualStudioVersion = 10.0.40219.1
Project("{8BC9CEB8-8B4A-11D0-8D11-00A0C91BC942}") = "SWEA_D4_5643", "SWEA_D4_5643.vcxproj", "{B90FB6B3-E5AE-4360-B29D-3C0F0D545B55}"
EndProject
Global
	GlobalSection(SolutionConfigurationPlatforms) = preSolution
		Debug|x64 = Debug|x64
		Debug|x86 = Debug|x86
		Release|x64 = Release|x64
		Release|x86 = Release|x86
	EndGlobalSection
	GlobalSection(ProjectConfigurationPlatforms) = postSolution
		{B90FB6B3-E5AE-4360-B29D-3C0F0D545B55}.Debug|x64.ActiveCfg = Debug|x64
		{B90FB6B3-E5AE-4360-B29D-3C0F0D545B55}.Debug|x64.Build.0 = Debug|x64
		{B90FB6B3-E5AE-4360-B29D-3C0F0D545B55}.Debug|x86.ActiveCfg = Debug|Win32
		{B90FB6B3-E5AE-4360-B29D-3C0F0D545B55}.Debug|x86.Build.0 = Debug|Win32
		{B90FB6B3-E5AE-4360-B29D-3C0F0D545B55}.Release|x64.ActiveCfg = Release|x64
		{B90FB6B3-E5AE-4360-B29D-3C0F0D545B55}.Release|x64.Build.0 = Release|x64
		{B90FB6B3-E5AE-4360-B29D-3C0F0D545B55}.Release|x86.ActiveCfg = Release|Win32
		{B90FB6B3-E5AE-4360-B29D-3C0F0D545B55}.Release|x86.Build.0 = Release|Win32
	EndGlobalSection
	GlobalSection(SolutionProperties) = preSolution
		HideSolutionNode = FALSE
	EndGlobalSection
	GlobalSection(ExtensibilityGlobals) = postSolution
		SolutionGuid = {AE926E95-4D5E-4E8F-8298-82140927AC77}
	EndGlobalSection
EndGlobal
