
Microsoft Visual Studio Solution File, Format Version 12.00
# Visual Studio 15
VisualStudioVersion = 15.0.27428.2043
MinimumVisualStudioVersion = 10.0.40219.1
Project("{8BC9CEB8-8B4A-11D0-8D11-00A0C91BC942}") = "SWEA_D2_1859", "SWEA_D2_1859\SWEA_D2_1859.vcxproj", "{3BC2B482-78B9-4AC1-A959-73A2E5E60C82}"
EndProject
Global
	GlobalSection(SolutionConfigurationPlatforms) = preSolution
		Debug|x64 = Debug|x64
		Debug|x86 = Debug|x86
		Release|x64 = Release|x64
		Release|x86 = Release|x86
	EndGlobalSection
	GlobalSection(ProjectConfigurationPlatforms) = postSolution
		{3BC2B482-78B9-4AC1-A959-73A2E5E60C82}.Debug|x64.ActiveCfg = Debug|x64
		{3BC2B482-78B9-4AC1-A959-73A2E5E60C82}.Debug|x64.Build.0 = Debug|x64
		{3BC2B482-78B9-4AC1-A959-73A2E5E60C82}.Debug|x86.ActiveCfg = Debug|Win32
		{3BC2B482-78B9-4AC1-A959-73A2E5E60C82}.Debug|x86.Build.0 = Debug|Win32
		{3BC2B482-78B9-4AC1-A959-73A2E5E60C82}.Release|x64.ActiveCfg = Release|x64
		{3BC2B482-78B9-4AC1-A959-73A2E5E60C82}.Release|x64.Build.0 = Release|x64
		{3BC2B482-78B9-4AC1-A959-73A2E5E60C82}.Release|x86.ActiveCfg = Release|Win32
		{3BC2B482-78B9-4AC1-A959-73A2E5E60C82}.Release|x86.Build.0 = Release|Win32
	EndGlobalSection
	GlobalSection(SolutionProperties) = preSolution
		HideSolutionNode = FALSE
	EndGlobalSection
	GlobalSection(ExtensibilityGlobals) = postSolution
		SolutionGuid = {CB026D90-8957-4277-A4DF-09F9A2A8CC85}
	EndGlobalSection
EndGlobal
