
Microsoft Visual Studio Solution File, Format Version 12.00
# Visual Studio 15
VisualStudioVersion = 15.0.28010.2019
MinimumVisualStudioVersion = 10.0.40219.1
Project("{8BC9CEB8-8B4A-11D0-8D11-00A0C91BC942}") = "BaekJoon_14501", "BaekJoon_14501\BaekJoon_14501.vcxproj", "{0214C82E-DE51-41C8-BB25-62F1344971DB}"
EndProject
Global
	GlobalSection(SolutionConfigurationPlatforms) = preSolution
		Debug|x64 = Debug|x64
		Debug|x86 = Debug|x86
		Release|x64 = Release|x64
		Release|x86 = Release|x86
	EndGlobalSection
	GlobalSection(ProjectConfigurationPlatforms) = postSolution
		{0214C82E-DE51-41C8-BB25-62F1344971DB}.Debug|x64.ActiveCfg = Debug|x64
		{0214C82E-DE51-41C8-BB25-62F1344971DB}.Debug|x64.Build.0 = Debug|x64
		{0214C82E-DE51-41C8-BB25-62F1344971DB}.Debug|x86.ActiveCfg = Debug|Win32
		{0214C82E-DE51-41C8-BB25-62F1344971DB}.Debug|x86.Build.0 = Debug|Win32
		{0214C82E-DE51-41C8-BB25-62F1344971DB}.Release|x64.ActiveCfg = Release|x64
		{0214C82E-DE51-41C8-BB25-62F1344971DB}.Release|x64.Build.0 = Release|x64
		{0214C82E-DE51-41C8-BB25-62F1344971DB}.Release|x86.ActiveCfg = Release|Win32
		{0214C82E-DE51-41C8-BB25-62F1344971DB}.Release|x86.Build.0 = Release|Win32
	EndGlobalSection
	GlobalSection(SolutionProperties) = preSolution
		HideSolutionNode = FALSE
	EndGlobalSection
	GlobalSection(ExtensibilityGlobals) = postSolution
		SolutionGuid = {165F0870-9DB2-485A-A964-31F8FAA4B5B9}
	EndGlobalSection
EndGlobal
