
Microsoft Visual Studio Solution File, Format Version 12.00
# Visual Studio 15
VisualStudioVersion = 15.0.27428.2043
MinimumVisualStudioVersion = 10.0.40219.1
Project("{8BC9CEB8-8B4A-11D0-8D11-00A0C91BC942}") = "JongMan_POLY", "JongMan_POLY\JongMan_POLY.vcxproj", "{F71B0EBB-54E6-4161-8442-74D5BB8F7F9F}"
EndProject
Global
	GlobalSection(SolutionConfigurationPlatforms) = preSolution
		Debug|x64 = Debug|x64
		Debug|x86 = Debug|x86
		Release|x64 = Release|x64
		Release|x86 = Release|x86
	EndGlobalSection
	GlobalSection(ProjectConfigurationPlatforms) = postSolution
		{F71B0EBB-54E6-4161-8442-74D5BB8F7F9F}.Debug|x64.ActiveCfg = Debug|x64
		{F71B0EBB-54E6-4161-8442-74D5BB8F7F9F}.Debug|x64.Build.0 = Debug|x64
		{F71B0EBB-54E6-4161-8442-74D5BB8F7F9F}.Debug|x86.ActiveCfg = Debug|Win32
		{F71B0EBB-54E6-4161-8442-74D5BB8F7F9F}.Debug|x86.Build.0 = Debug|Win32
		{F71B0EBB-54E6-4161-8442-74D5BB8F7F9F}.Release|x64.ActiveCfg = Release|x64
		{F71B0EBB-54E6-4161-8442-74D5BB8F7F9F}.Release|x64.Build.0 = Release|x64
		{F71B0EBB-54E6-4161-8442-74D5BB8F7F9F}.Release|x86.ActiveCfg = Release|Win32
		{F71B0EBB-54E6-4161-8442-74D5BB8F7F9F}.Release|x86.Build.0 = Release|Win32
	EndGlobalSection
	GlobalSection(SolutionProperties) = preSolution
		HideSolutionNode = FALSE
	EndGlobalSection
	GlobalSection(ExtensibilityGlobals) = postSolution
		SolutionGuid = {0FED75A6-1E15-4255-A398-4947080F0C4D}
	EndGlobalSection
EndGlobal
